{
  "name": "tirtc-device-builder",
  "version": "0.3.0",
  "lockfileVersion": 3,
  "requires": true,
  "packages": {
    "": {
      "name": "tirtc-device-builder",
      "version": "0.3.0",
      "license": "MIT",
      "bin": {
        "tirtc-device-builder": "bin/tirtc-device-builder.js"
      },
      "engines": {
        "node": ">=18"
      }
    }
  }
}
